// !$*UTF8*$!
{
	archiveVersion = 1;
	classes = {
	};
	objectVersion = 46;
	objects = {

/* Begin PBXBuildFile section */
		8141EB771D93AF2F0033D774 /* main.m in Sources */ = {isa = PBXBuildFile; fileRef = 8141EB761D93AF2F0033D774 /* main.m */; };
		8141EB7A1D93AF2F0033D774 /* AppDelegate.m in Sources */ = {isa = PBXBuildFile; fileRef = 8141EB791D93AF2F0033D774 /* AppDelegate.m */; };
		8141EB7D1D93AF2F0033D774 /* ViewController.m in Sources */ = {isa = PBXBuildFile; fileRef = 8141EB7C1D93AF2F0033D774 /* ViewController.m */; };
		8141EB801D93AF2F0033D774 /* Main.storyboard in Resources */ = {isa = PBXBuildFile; fileRef = 8141EB7E1D93AF2F0033D774 /* Main.storyboard */; };
		8141EB821D93AF2F0033D774 /* Assets.xcassets in Resources */ = {isa = PBXBuildFile; fileRef = 8141EB811D93AF2F0033D774 /* Assets.xcassets */; };
		8141EB851D93AF2F0033D774 /* LaunchScreen.storyboard in Resources */ = {isa = PBXBuildFile; fileRef = 8141EB831D93AF2F0033D774 /* LaunchScreen.storyboard */; };
		8141EB921D93B4B40033D774 /* Constants.m in Sources */ = {isa = PBXBuildFile; fileRef = 8141EB911D93B4B40033D774 /* Constants.m */; };
		8141EB951D93B8790033D774 /* Vacancy.m in Sources */ = {isa = PBXBuildFile; fileRef = 8141EB941D93B8790033D774 /* Vacancy.m */; };
		8141EB981D93BAF00033D774 /* Currency.m in Sources */ = {isa = PBXBuildFile; fileRef = 8141EB971D93BAF00033D774 /* Currency.m */; };
		8141EB9B1D93BD6C0033D774 /* WorkingType.m in Sources */ = {isa = PBXBuildFile; fileRef = 8141EB9A1D93BD6C0033D774 /* WorkingType.m */; };
		8141EB9E1D93BE4F0033D774 /* ExperienceLength.m in Sources */ = {isa = PBXBuildFile; fileRef = 8141EB9D1D93BE4F0033D774 /* ExperienceLength.m */; };
		8141EBA41D93C14E0033D774 /* Company.m in Sources */ = {isa = PBXBuildFile; fileRef = 8141EBA31D93C14E0033D774 /* Company.m */; };
		8141EBA71D93C2F80033D774 /* Contact.m in Sources */ = {isa = PBXBuildFile; fileRef = 8141EBA61D93C2F80033D774 /* Contact.m */; };
		8141EBAB1D93E9C80033D774 /* RestConfigSetter.m in Sources */ = {isa = PBXBuildFile; fileRef = 8141EBAA1D93E9C80033D774 /* RestConfigSetter.m */; };
		81C9C3411D952E4900A95BE5 /* VacancyAppModel.xcdatamodeld in Sources */ = {isa = PBXBuildFile; fileRef = 81C9C33F1D952E4900A95BE5 /* VacancyAppModel.xcdatamodeld */; };
		81C9C3471D9580C100A95BE5 /* RestKitFacade.m in Sources */ = {isa = PBXBuildFile; fileRef = 81C9C3461D9580C100A95BE5 /* RestKitFacade.m */; };
		81C9C3F31D967CB000A95BE5 /* CDMCompany+CoreDataProperties.m in Sources */ = {isa = PBXBuildFile; fileRef = 81C9C3DC1D967CB000A95BE5 /* CDMCompany+CoreDataProperties.m */; };
		81C9C3F41D967CB000A95BE5 /* CDMCompany.m in Sources */ = {isa = PBXBuildFile; fileRef = 81C9C3DE1D967CB000A95BE5 /* CDMCompany.m */; };
		81C9C3F51D967CB000A95BE5 /* CDMCurrency+CoreDataProperties.m in Sources */ = {isa = PBXBuildFile; fileRef = 81C9C3E01D967CB000A95BE5 /* CDMCurrency+CoreDataProperties.m */; };
		81C9C3F61D967CB000A95BE5 /* CDMCurrency.m in Sources */ = {isa = PBXBuildFile; fileRef = 81C9C3E21D967CB000A95BE5 /* CDMCurrency.m */; };
		81C9C3F71D967CB000A95BE5 /* CDMWorkingType+CoreDataProperties.m in Sources */ = {isa = PBXBuildFile; fileRef = 81C9C3E41D967CB000A95BE5 /* CDMWorkingType+CoreDataProperties.m */; };
		81C9C3F81D967CB000A95BE5 /* CDMWorkingType.m in Sources */ = {isa = PBXBuildFile; fileRef = 81C9C3E61D967CB000A95BE5 /* CDMWorkingType.m */; };
		81C9C3F91D967CB000A95BE5 /* CDMContact+CoreDataProperties.m in Sources */ = {isa = PBXBuildFile; fileRef = 81C9C3E81D967CB000A95BE5 /* CDMContact+CoreDataProperties.m */; };
		81C9C3FA1D967CB000A95BE5 /* CDMContact.m in Sources */ = {isa = PBXBuildFile; fileRef = 81C9C3EA1D967CB000A95BE5 /* CDMContact.m */; };
		81C9C3FB1D967CB000A95BE5 /* CDMVacancy+CoreDataProperties.m in Sources */ = {isa = PBXBuildFile; fileRef = 81C9C3EC1D967CB000A95BE5 /* CDMVacancy+CoreDataProperties.m */; };
		81C9C3FC1D967CB000A95BE5 /* CDMVacancy.m in Sources */ = {isa = PBXBuildFile; fileRef = 81C9C3EE1D967CB000A95BE5 /* CDMVacancy.m */; };
		81C9C3FD1D967CB000A95BE5 /* CDMExperienceLength+CoreDataProperties.m in Sources */ = {isa = PBXBuildFile; fileRef = 81C9C3F01D967CB000A95BE5 /* CDMExperienceLength+CoreDataProperties.m */; };
		81C9C3FE1D967CB000A95BE5 /* CDMExperienceLength.m in Sources */ = {isa = PBXBuildFile; fileRef = 81C9C3F21D967CB000A95BE5 /* CDMExperienceLength.m */; };
		81C9C4051D96D04E00A95BE5 /* DefaultCoreDataStack.m in Sources */ = {isa = PBXBuildFile; fileRef = 81C9C4041D96D04E00A95BE5 /* DefaultCoreDataStack.m */; };
		ACC4B609AC2E5DAB93CB2C79 /* libPods-VacancyApp.a in Frameworks */ = {isa = PBXBuildFile; fileRef = B8572F0EDFADE169CD1387CC /* libPods-VacancyApp.a */; };
/* End PBXBuildFile section */

/* Begin PBXFileReference section */
		7159FF1667B8A0AAC2192FB1 /* Pods-VacancyApp.debug.xcconfig */ = {isa = PBXFileReference; includeInIndex = 1; lastKnownFileType = text.xcconfig; name = "Pods-VacancyApp.debug.xcconfig"; path = "Pods/Target Support Files/Pods-VacancyApp/Pods-VacancyApp.debug.xcconfig"; sourceTree = "<group>"; };
		748AF588FD26ADC41373969B /* Pods-VacancyApp.release.xcconfig */ = {isa = PBXFileReference; includeInIndex = 1; lastKnownFileType = text.xcconfig; name = "Pods-VacancyApp.release.xcconfig"; path = "Pods/Target Support Files/Pods-VacancyApp/Pods-VacancyApp.release.xcconfig"; sourceTree = "<group>"; };
		8141EB721D93AF2F0033D774 /* VacancyApp.app */ = {isa = PBXFileReference; explicitFileType = wrapper.application; includeInIndex = 0; path = VacancyApp.app; sourceTree = BUILT_PRODUCTS_DIR; };
		8141EB761D93AF2F0033D774 /* main.m */ = {isa = PBXFileReference; lastKnownFileType = sourcecode.c.objc; path = main.m; sourceTree = "<group>"; };
		8141EB781D93AF2F0033D774 /* AppDelegate.h */ = {isa = PBXFileReference; lastKnownFileType = sourcecode.c.h; path = AppDelegate.h; sourceTree = "<group>"; };
		8141EB791D93AF2F0033D774 /* AppDelegate.m */ = {isa = PBXFileReference; lastKnownFileType = sourcecode.c.objc; path = AppDelegate.m; sourceTree = "<group>"; };
		8141EB7B1D93AF2F0033D774 /* ViewController.h */ = {isa = PBXFileReference; lastKnownFileType = sourcecode.c.h; path = ViewController.h; sourceTree = "<group>"; };
		8141EB7C1D93AF2F0033D774 /* ViewController.m */ = {isa = PBXFileReference; lastKnownFileType = sourcecode.c.objc; path = ViewController.m; sourceTree = "<group>"; };
		8141EB7F1D93AF2F0033D774 /* Base */ = {isa = PBXFileReference; lastKnownFileType = file.storyboard; name = Base; path = Base.lproj/Main.storyboard; sourceTree = "<group>"; };
		8141EB811D93AF2F0033D774 /* Assets.xcassets */ = {isa = PBXFileReference; lastKnownFileType = folder.assetcatalog; path = Assets.xcassets; sourceTree = "<group>"; };
		8141EB841D93AF2F0033D774 /* Base */ = {isa = PBXFileReference; lastKnownFileType = file.storyboard; name = Base; path = Base.lproj/LaunchScreen.storyboard; sourceTree = "<group>"; };
		8141EB861D93AF2F0033D774 /* Info.plist */ = {isa = PBXFileReference; lastKnownFileType = text.plist.xml; path = Info.plist; sourceTree = "<group>"; };
		8141EB901D93B4B40033D774 /* Constants.h */ = {isa = PBXFileReference; fileEncoding = 4; lastKnownFileType = sourcecode.c.h; path = Constants.h; sourceTree = "<group>"; };
		8141EB911D93B4B40033D774 /* Constants.m */ = {isa = PBXFileReference; fileEncoding = 4; lastKnownFileType = sourcecode.c.objc; path = Constants.m; sourceTree = "<group>"; };
		8141EB931D93B8790033D774 /* Vacancy.h */ = {isa = PBXFileReference; fileEncoding = 4; lastKnownFileType = sourcecode.c.h; path = Vacancy.h; sourceTree = "<group>"; };
		8141EB941D93B8790033D774 /* Vacancy.m */ = {isa = PBXFileReference; fileEncoding = 4; lastKnownFileType = sourcecode.c.objc; path = Vacancy.m; sourceTree = "<group>"; };
		8141EB961D93BAF00033D774 /* Currency.h */ = {isa = PBXFileReference; fileEncoding = 4; lastKnownFileType = sourcecode.c.h; path = Currency.h; sourceTree = "<group>"; };
		8141EB971D93BAF00033D774 /* Currency.m */ = {isa = PBXFileReference; fileEncoding = 4; lastKnownFileType = sourcecode.c.objc; path = Currency.m; sourceTree = "<group>"; };
		8141EB991D93BD6C0033D774 /* WorkingType.h */ = {isa = PBXFileReference; fileEncoding = 4; lastKnownFileType = sourcecode.c.h; path = WorkingType.h; sourceTree = "<group>"; };
		8141EB9A1D93BD6C0033D774 /* WorkingType.m */ = {isa = PBXFileReference; fileEncoding = 4; lastKnownFileType = sourcecode.c.objc; path = WorkingType.m; sourceTree = "<group>"; };
		8141EB9C1D93BE4F0033D774 /* ExperienceLength.h */ = {isa = PBXFileReference; fileEncoding = 4; lastKnownFileType = sourcecode.c.h; path = ExperienceLength.h; sourceTree = "<group>"; };
		8141EB9D1D93BE4F0033D774 /* ExperienceLength.m */ = {isa = PBXFileReference; fileEncoding = 4; lastKnownFileType = sourcecode.c.objc; path = ExperienceLength.m; sourceTree = "<group>"; };
		8141EBA21D93C14E0033D774 /* Company.h */ = {isa = PBXFileReference; fileEncoding = 4; lastKnownFileType = sourcecode.c.h; path = Company.h; sourceTree = "<group>"; };
		8141EBA31D93C14E0033D774 /* Company.m */ = {isa = PBXFileReference; fileEncoding = 4; lastKnownFileType = sourcecode.c.objc; path = Company.m; sourceTree = "<group>"; };
		8141EBA51D93C2F80033D774 /* Contact.h */ = {isa = PBXFileReference; fileEncoding = 4; lastKnownFileType = sourcecode.c.h; path = Contact.h; sourceTree = "<group>"; };
		8141EBA61D93C2F80033D774 /* Contact.m */ = {isa = PBXFileReference; fileEncoding = 4; lastKnownFileType = sourcecode.c.objc; path = Contact.m; sourceTree = "<group>"; };
		8141EBA91D93E9C80033D774 /* RestConfigSetter.h */ = {isa = PBXFileReference; fileEncoding = 4; lastKnownFileType = sourcecode.c.h; path = RestConfigSetter.h; sourceTree = "<group>"; };
		8141EBAA1D93E9C80033D774 /* RestConfigSetter.m */ = {isa = PBXFileReference; fileEncoding = 4; lastKnownFileType = sourcecode.c.objc; path = RestConfigSetter.m; sourceTree = "<group>"; };
		81C9C3401D952E4900A95BE5 /* VacancyAppModel.xcdatamodel */ = {isa = PBXFileReference; lastKnownFileType = wrapper.xcdatamodel; path = VacancyAppModel.xcdatamodel; sourceTree = "<group>"; };
		81C9C3451D9580C100A95BE5 /* RestKitFacade.h */ = {isa = PBXFileReference; fileEncoding = 4; lastKnownFileType = sourcecode.c.h; path = RestKitFacade.h; sourceTree = "<group>"; };
		81C9C3461D9580C100A95BE5 /* RestKitFacade.m */ = {isa = PBXFileReference; fileEncoding = 4; lastKnownFileType = sourcecode.c.objc; path = RestKitFacade.m; sourceTree = "<group>"; };
		81C9C3DB1D967CB000A95BE5 /* CDMCompany+CoreDataProperties.h */ = {isa = PBXFileReference; fileEncoding = 4; lastKnownFileType = sourcecode.c.h; name = "CDMCompany+CoreDataProperties.h"; path = "CoreData Model/CDMCompany+CoreDataProperties.h"; sourceTree = "<group>"; };
		81C9C3DC1D967CB000A95BE5 /* CDMCompany+CoreDataProperties.m */ = {isa = PBXFileReference; fileEncoding = 4; lastKnownFileType = sourcecode.c.objc; name = "CDMCompany+CoreDataProperties.m"; path = "CoreData Model/CDMCompany+CoreDataProperties.m"; sourceTree = "<group>"; };
		81C9C3DD1D967CB000A95BE5 /* CDMCompany.h */ = {isa = PBXFileReference; fileEncoding = 4; lastKnownFileType = sourcecode.c.h; name = CDMCompany.h; path = "CoreData Model/CDMCompany.h"; sourceTree = "<group>"; };
		81C9C3DE1D967CB000A95BE5 /* CDMCompany.m */ = {isa = PBXFileReference; fileEncoding = 4; lastKnownFileType = sourcecode.c.objc; name = CDMCompany.m; path = "CoreData Model/CDMCompany.m"; sourceTree = "<group>"; };
		81C9C3DF1D967CB000A95BE5 /* CDMCurrency+CoreDataProperties.h */ = {isa = PBXFileReference; fileEncoding = 4; lastKnownFileType = sourcecode.c.h; name = "CDMCurrency+CoreDataProperties.h"; path = "CoreData Model/CDMCurrency+CoreDataProperties.h"; sourceTree = "<group>"; };
		81C9C3E01D967CB000A95BE5 /* CDMCurrency+CoreDataProperties.m */ = {isa = PBXFileReference; fileEncoding = 4; lastKnownFileType = sourcecode.c.objc; name = "CDMCurrency+CoreDataProperties.m"; path = "CoreData Model/CDMCurrency+CoreDataProperties.m"; sourceTree = "<group>"; };
		81C9C3E11D967CB000A95BE5 /* CDMCurrency.h */ = {isa = PBXFileReference; fileEncoding = 4; lastKnownFileType = sourcecode.c.h; name = CDMCurrency.h; path = "CoreData Model/CDMCurrency.h"; sourceTree = "<group>"; };
		81C9C3E21D967CB000A95BE5 /* CDMCurrency.m */ = {isa = PBXFileReference; fileEncoding = 4; lastKnownFileType = sourcecode.c.objc; name = CDMCurrency.m; path = "CoreData Model/CDMCurrency.m"; sourceTree = "<group>"; };
		81C9C3E31D967CB000A95BE5 /* CDMWorkingType+CoreDataProperties.h */ = {isa = PBXFileReference; fileEncoding = 4; lastKnownFileType = sourcecode.c.h; name = "CDMWorkingType+CoreDataProperties.h"; path = "CoreData Model/CDMWorkingType+CoreDataProperties.h"; sourceTree = "<group>"; };
		81C9C3E41D967CB000A95BE5 /* CDMWorkingType+CoreDataProperties.m */ = {isa = PBXFileReference; fileEncoding = 4; lastKnownFileType = sourcecode.c.objc; name = "CDMWorkingType+CoreDataProperties.m"; path = "CoreData Model/CDMWorkingType+CoreDataProperties.m"; sourceTree = "<group>"; };
		81C9C3E51D967CB000A95BE5 /* CDMWorkingType.h */ = {isa = PBXFileReference; fileEncoding = 4; lastKnownFileType = sourcecode.c.h; name = CDMWorkingType.h; path = "CoreData Model/CDMWorkingType.h"; sourceTree = "<group>"; };
		81C9C3E61D967CB000A95BE5 /* CDMWorkingType.m */ = {isa = PBXFileReference; fileEncoding = 4; lastKnownFileType = sourcecode.c.objc; name = CDMWorkingType.m; path = "CoreData Model/CDMWorkingType.m"; sourceTree = "<group>"; };
		81C9C3E71D967CB000A95BE5 /* CDMContact+CoreDataProperties.h */ = {isa = PBXFileReference; fileEncoding = 4; lastKnownFileType = sourcecode.c.h; name = "CDMContact+CoreDataProperties.h"; path = "CoreData Model/CDMContact+CoreDataProperties.h"; sourceTree = "<group>"; };
		81C9C3E81D967CB000A95BE5 /* CDMContact+CoreDataProperties.m */ = {isa = PBXFileReference; fileEncoding = 4; lastKnownFileType = sourcecode.c.objc; name = "CDMContact+CoreDataProperties.m"; path = "CoreData Model/CDMContact+CoreDataProperties.m"; sourceTree = "<group>"; };
		81C9C3E91D967CB000A95BE5 /* CDMContact.h */ = {isa = PBXFileReference; fileEncoding = 4; lastKnownFileType = sourcecode.c.h; name = CDMContact.h; path = "CoreData Model/CDMContact.h"; sourceTree = "<group>"; };
		81C9C3EA1D967CB000A95BE5 /* CDMContact.m */ = {isa = PBXFileReference; fileEncoding = 4; lastKnownFileType = sourcecode.c.objc; name = CDMContact.m; path = "CoreData Model/CDMContact.m"; sourceTree = "<group>"; };
		81C9C3EB1D967CB000A95BE5 /* CDMVacancy+CoreDataProperties.h */ = {isa = PBXFileReference; fileEncoding = 4; lastKnownFileType = sourcecode.c.h; name = "CDMVacancy+CoreDataProperties.h"; path = "CoreData Model/CDMVacancy+CoreDataProperties.h"; sourceTree = "<group>"; };
		81C9C3EC1D967CB000A95BE5 /* CDMVacancy+CoreDataProperties.m */ = {isa = PBXFileReference; fileEncoding = 4; lastKnownFileType = sourcecode.c.objc; name = "CDMVacancy+CoreDataProperties.m"; path = "CoreData Model/CDMVacancy+CoreDataProperties.m"; sourceTree = "<group>"; };
		81C9C3ED1D967CB000A95BE5 /* CDMVacancy.h */ = {isa = PBXFileReference; fileEncoding = 4; lastKnownFileType = sourcecode.c.h; name = CDMVacancy.h; path = "CoreData Model/CDMVacancy.h"; sourceTree = "<group>"; };
		81C9C3EE1D967CB000A95BE5 /* CDMVacancy.m */ = {isa = PBXFileReference; fileEncoding = 4; lastKnownFileType = sourcecode.c.objc; name = CDMVacancy.m; path = "CoreData Model/CDMVacancy.m"; sourceTree = "<group>"; };
		81C9C3EF1D967CB000A95BE5 /* CDMExperienceLength+CoreDataProperties.h */ = {isa = PBXFileReference; fileEncoding = 4; lastKnownFileType = sourcecode.c.h; name = "CDMExperienceLength+CoreDataProperties.h"; path = "CoreData Model/CDMExperienceLength+CoreDataProperties.h"; sourceTree = "<group>"; };
		81C9C3F01D967CB000A95BE5 /* CDMExperienceLength+CoreDataProperties.m */ = {isa = PBXFileReference; fileEncoding = 4; lastKnownFileType = sourcecode.c.objc; name = "CDMExperienceLength+CoreDataProperties.m"; path = "CoreData Model/CDMExperienceLength+CoreDataProperties.m"; sourceTree = "<group>"; };
		81C9C3F11D967CB000A95BE5 /* CDMExperienceLength.h */ = {isa = PBXFileReference; fileEncoding = 4; lastKnownFileType = sourcecode.c.h; name = CDMExperienceLength.h; path = "CoreData Model/CDMExperienceLength.h"; sourceTree = "<group>"; };
		81C9C3F21D967CB000A95BE5 /* CDMExperienceLength.m */ = {isa = PBXFileReference; fileEncoding = 4; lastKnownFileType = sourcecode.c.objc; name = CDMExperienceLength.m; path = "CoreData Model/CDMExperienceLength.m"; sourceTree = "<group>"; };
		81C9C4021D96B83800A95BE5 /* CoreDataModel.h */ = {isa = PBXFileReference; lastKnownFileType = sourcecode.c.h; path = CoreDataModel.h; sourceTree = "<group>"; };
		81C9C4031D96D04E00A95BE5 /* DefaultCoreDataStack.h */ = {isa = PBXFileReference; fileEncoding = 4; lastKnownFileType = sourcecode.c.h; path = DefaultCoreDataStack.h; sourceTree = "<group>"; };
		81C9C4041D96D04E00A95BE5 /* DefaultCoreDataStack.m */ = {isa = PBXFileReference; fileEncoding = 4; lastKnownFileType = sourcecode.c.objc; path = DefaultCoreDataStack.m; sourceTree = "<group>"; };
		B8572F0EDFADE169CD1387CC /* libPods-VacancyApp.a */ = {isa = PBXFileReference; explicitFileType = archive.ar; includeInIndex = 0; path = "libPods-VacancyApp.a"; sourceTree = BUILT_PRODUCTS_DIR; };
/* End PBXFileReference section */

/* Begin PBXFrameworksBuildPhase section */
		8141EB6F1D93AF2F0033D774 /* Frameworks */ = {
			isa = PBXFrameworksBuildPhase;
			buildActionMask = 2147483647;
			files = (
				ACC4B609AC2E5DAB93CB2C79 /* libPods-VacancyApp.a in Frameworks */,
			);
			runOnlyForDeploymentPostprocessing = 0;
		};
/* End PBXFrameworksBuildPhase section */

/* Begin PBXGroup section */
		43DB18C87513E4F953265D12 /* Pods */ = {
			isa = PBXGroup;
			children = (
				7159FF1667B8A0AAC2192FB1 /* Pods-VacancyApp.debug.xcconfig */,
				748AF588FD26ADC41373969B /* Pods-VacancyApp.release.xcconfig */,
			);
			name = Pods;
			sourceTree = "<group>";
		};
		8141EB691D93AF2F0033D774 = {
			isa = PBXGroup;
			children = (
				8141EB741D93AF2F0033D774 /* VacancyApp */,
				8141EB731D93AF2F0033D774 /* Products */,
				43DB18C87513E4F953265D12 /* Pods */,
				A5C1B447E7966CDFC76E9E98 /* Frameworks */,
			);
			sourceTree = "<group>";
		};
		8141EB731D93AF2F0033D774 /* Products */ = {
			isa = PBXGroup;
			children = (
				8141EB721D93AF2F0033D774 /* VacancyApp.app */,
			);
			name = Products;
			sourceTree = "<group>";
		};
		8141EB741D93AF2F0033D774 /* VacancyApp */ = {
			isa = PBXGroup;
			children = (
				8141EB8F1D93AF720033D774 /* API */,
				8141EB8E1D93AF6B0033D774 /* Controller */,
				8141EB8D1D93AF640033D774 /* View */,
				8141EB8C1D93AF5E0033D774 /* Model */,
				8141EB781D93AF2F0033D774 /* AppDelegate.h */,
				8141EB791D93AF2F0033D774 /* AppDelegate.m */,
				8141EB7E1D93AF2F0033D774 /* Main.storyboard */,
				8141EB811D93AF2F0033D774 /* Assets.xcassets */,
				8141EB831D93AF2F0033D774 /* LaunchScreen.storyboard */,
				8141EB861D93AF2F0033D774 /* Info.plist */,
				8141EB751D93AF2F0033D774 /* Supporting Files */,
				81C9C33F1D952E4900A95BE5 /* VacancyAppModel.xcdatamodeld */,
			);
			path = VacancyApp;
			sourceTree = "<group>";
		};
		8141EB751D93AF2F0033D774 /* Supporting Files */ = {
			isa = PBXGroup;
			children = (
				8141EB761D93AF2F0033D774 /* main.m */,
			);
			name = "Supporting Files";
			sourceTree = "<group>";
		};
		8141EB8C1D93AF5E0033D774 /* Model */ = {
			isa = PBXGroup;
			children = (
				81C9C3FF1D967CBD00A95BE5 /* CoreData Model */,
				8141EBA81D93C6A60033D774 /* Base API Model */,
			);
			name = Model;
			sourceTree = "<group>";
		};
		8141EB8D1D93AF640033D774 /* View */ = {
			isa = PBXGroup;
			children = (
			);
			name = View;
			sourceTree = "<group>";
		};
		8141EB8E1D93AF6B0033D774 /* Controller */ = {
			isa = PBXGroup;
			children = (
				8141EB7B1D93AF2F0033D774 /* ViewController.h */,
				8141EB7C1D93AF2F0033D774 /* ViewController.m */,
			);
			name = Controller;
			sourceTree = "<group>";
		};
		8141EB8F1D93AF720033D774 /* API */ = {
			isa = PBXGroup;
			children = (
				8141EB901D93B4B40033D774 /* Constants.h */,
				8141EB911D93B4B40033D774 /* Constants.m */,
				8141EBA91D93E9C80033D774 /* RestConfigSetter.h */,
				8141EBAA1D93E9C80033D774 /* RestConfigSetter.m */,
				81C9C3451D9580C100A95BE5 /* RestKitFacade.h */,
				81C9C3461D9580C100A95BE5 /* RestKitFacade.m */,
				81C9C4031D96D04E00A95BE5 /* DefaultCoreDataStack.h */,
				81C9C4041D96D04E00A95BE5 /* DefaultCoreDataStack.m */,
			);
			name = API;
			sourceTree = "<group>";
		};
		8141EBA81D93C6A60033D774 /* Base API Model */ = {
			isa = PBXGroup;
			children = (
				8141EB931D93B8790033D774 /* Vacancy.h */,
				8141EB941D93B8790033D774 /* Vacancy.m */,
				8141EB961D93BAF00033D774 /* Currency.h */,
				8141EB971D93BAF00033D774 /* Currency.m */,
				8141EB991D93BD6C0033D774 /* WorkingType.h */,
				8141EB9A1D93BD6C0033D774 /* WorkingType.m */,
				8141EB9C1D93BE4F0033D774 /* ExperienceLength.h */,
				8141EB9D1D93BE4F0033D774 /* ExperienceLength.m */,
				8141EBA21D93C14E0033D774 /* Company.h */,
				8141EBA31D93C14E0033D774 /* Company.m */,
				8141EBA51D93C2F80033D774 /* Contact.h */,
				8141EBA61D93C2F80033D774 /* Contact.m */,
			);
			name = "Base API Model";
			sourceTree = "<group>";
		};
		81C9C3FF1D967CBD00A95BE5 /* CoreData Model */ = {
			isa = PBXGroup;
			children = (
				81C9C4021D96B83800A95BE5 /* CoreDataModel.h */,
				81C9C3DB1D967CB000A95BE5 /* CDMCompany+CoreDataProperties.h */,
				81C9C3DC1D967CB000A95BE5 /* CDMCompany+CoreDataProperties.m */,
				81C9C3DD1D967CB000A95BE5 /* CDMCompany.h */,
				81C9C3DE1D967CB000A95BE5 /* CDMCompany.m */,
				81C9C3DF1D967CB000A95BE5 /* CDMCurrency+CoreDataProperties.h */,
				81C9C3E01D967CB000A95BE5 /* CDMCurrency+CoreDataProperties.m */,
				81C9C3E11D967CB000A95BE5 /* CDMCurrency.h */,
				81C9C3E21D967CB000A95BE5 /* CDMCurrency.m */,
				81C9C3E31D967CB000A95BE5 /* CDMWorkingType+CoreDataProperties.h */,
				81C9C3E41D967CB000A95BE5 /* CDMWorkingType+CoreDataProperties.m */,
				81C9C3E51D967CB000A95BE5 /* CDMWorkingType.h */,
				81C9C3E61D967CB000A95BE5 /* CDMWorkingType.m */,
				81C9C3E71D967CB000A95BE5 /* CDMContact+CoreDataProperties.h */,
				81C9C3E81D967CB000A95BE5 /* CDMContact+CoreDataProperties.m */,
				81C9C3E91D967CB000A95BE5 /* CDMContact.h */,
				81C9C3EA1D967CB000A95BE5 /* CDMContact.m */,
				81C9C3EB1D967CB000A95BE5 /* CDMVacancy+CoreDataProperties.h */,
				81C9C3EC1D967CB000A95BE5 /* CDMVacancy+CoreDataProperties.m */,
				81C9C3ED1D967CB000A95BE5 /* CDMVacancy.h */,
				81C9C3EE1D967CB000A95BE5 /* CDMVacancy.m */,
				81C9C3EF1D967CB000A95BE5 /* CDMExperienceLength+CoreDataProperties.h */,
				81C9C3F01D967CB000A95BE5 /* CDMExperienceLength+CoreDataProperties.m */,
				81C9C3F11D967CB000A95BE5 /* CDMExperienceLength.h */,
				81C9C3F21D967CB000A95BE5 /* CDMExperienceLength.m */,
			);
			name = "CoreData Model";
			path = ..;
			sourceTree = "<group>";
		};
		A5C1B447E7966CDFC76E9E98 /* Frameworks */ = {
			isa = PBXGroup;
			children = (
				B8572F0EDFADE169CD1387CC /* libPods-VacancyApp.a */,
			);
			name = Frameworks;
			sourceTree = "<group>";
		};
/* End PBXGroup section */

/* Begin PBXNativeTarget section */
		8141EB711D93AF2F0033D774 /* VacancyApp */ = {
			isa = PBXNativeTarget;
			buildConfigurationList = 8141EB891D93AF2F0033D774 /* Build configuration list for PBXNativeTarget "VacancyApp" */;
			buildPhases = (
				1F0486410F98EA84DABD166C /* [CP] Check Pods Manifest.lock */,
				8141EB6E1D93AF2F0033D774 /* Sources */,
				8141EB6F1D93AF2F0033D774 /* Frameworks */,
				8141EB701D93AF2F0033D774 /* Resources */,
				BFF01A4812E7683CF530D28B /* [CP] Embed Pods Frameworks */,
				3A1BD7F4BE54611671CD051D /* [CP] Copy Pods Resources */,
			);
			buildRules = (
			);
			dependencies = (
			);
			name = VacancyApp;
			productName = VacancyApp;
			productReference = 8141EB721D93AF2F0033D774 /* VacancyApp.app */;
			productType = "com.apple.product-type.application";
		};
/* End PBXNativeTarget section */

/* Begin PBXProject section */
		8141EB6A1D93AF2F0033D774 /* Project object */ = {
			isa = PBXProject;
			attributes = {
				LastUpgradeCheck = 0730;
				ORGANIZATIONNAME = "Dmitriy Arkhipov";
				TargetAttributes = {
					8141EB711D93AF2F0033D774 = {
						CreatedOnToolsVersion = 7.3.1;
					};
				};
			};
			buildConfigurationList = 8141EB6D1D93AF2F0033D774 /* Build configuration list for PBXProject "VacancyApp" */;
			compatibilityVersion = "Xcode 3.2";
			developmentRegion = English;
			hasScannedForEncodings = 0;
			knownRegions = (
				en,
				Base,
			);
			mainGroup = 8141EB691D93AF2F0033D774;
			productRefGroup = 8141EB731D93AF2F0033D774 /* Products */;
			projectDirPath = "";
			projectRoot = "";
			targets = (
				8141EB711D93AF2F0033D774 /* VacancyApp */,
			);
		};
/* End PBXProject section */

/* Begin PBXResourcesBuildPhase section */
		8141EB701D93AF2F0033D774 /* Resources */ = {
			isa = PBXResourcesBuildPhase;
			buildActionMask = 2147483647;
			files = (
				8141EB851D93AF2F0033D774 /* LaunchScreen.storyboard in Resources */,
				8141EB821D93AF2F0033D774 /* Assets.xcassets in Resources */,
				8141EB801D93AF2F0033D774 /* Main.storyboard in Resources */,
			);
			runOnlyForDeploymentPostprocessing = 0;
		};
/* End PBXResourcesBuildPhase section */

/* Begin PBXShellScriptBuildPhase section */
		1F0486410F98EA84DABD166C /* [CP] Check Pods Manifest.lock */ = {
			isa = PBXShellScriptBuildPhase;
			buildActionMask = 2147483647;
			files = (
			);
			inputPaths = (
			);
			name = "[CP] Check Pods Manifest.lock";
			outputPaths = (
			);
			runOnlyForDeploymentPostprocessing = 0;
			shellPath = /bin/sh;
			shellScript = "diff \"${PODS_ROOT}/../Podfile.lock\" \"${PODS_ROOT}/Manifest.lock\" > /dev/null\nif [[ $? != 0 ]] ; then\n    cat << EOM\nerror: The sandbox is not in sync with the Podfile.lock. Run 'pod install' or update your CocoaPods installation.\nEOM\n    exit 1\nfi\n";
			showEnvVarsInLog = 0;
		};
		3A1BD7F4BE54611671CD051D /* [CP] Copy Pods Resources */ = {
			isa = PBXShellScriptBuildPhase;
			buildActionMask = 2147483647;
			files = (
			);
			inputPaths = (
			);
			name = "[CP] Copy Pods Resources";
			outputPaths = (
			);
			runOnlyForDeploymentPostprocessing = 0;
			shellPath = /bin/sh;
			shellScript = "\"${SRCROOT}/Pods/Target Support Files/Pods-VacancyApp/Pods-VacancyApp-resources.sh\"\n";
			showEnvVarsInLog = 0;
		};
		BFF01A4812E7683CF530D28B /* [CP] Embed Pods Frameworks */ = {
			isa = PBXShellScriptBuildPhase;
			buildActionMask = 2147483647;
			files = (
			);
			inputPaths = (
			);
			name = "[CP] Embed Pods Frameworks";
			outputPaths = (
			);
			runOnlyForDeploymentPostprocessing = 0;
			shellPath = /bin/sh;
			shellScript = "\"${SRCROOT}/Pods/Target Support Files/Pods-VacancyApp/Pods-VacancyApp-frameworks.sh\"\n";
			showEnvVarsInLog = 0;
		};
/* End PBXShellScriptBuildPhase section */

/* Begin PBXSourcesBuildPhase section */
		8141EB6E1D93AF2F0033D774 /* Sources */ = {
			isa = PBXSourcesBuildPhase;
			buildActionMask = 2147483647;
			files = (
				81C9C3FC1D967CB000A95BE5 /* CDMVacancy.m in Sources */,
				81C9C4051D96D04E00A95BE5 /* DefaultCoreDataStack.m in Sources */,
				8141EB7D1D93AF2F0033D774 /* ViewController.m in Sources */,
				81C9C3F41D967CB000A95BE5 /* CDMCompany.m in Sources */,
				8141EBAB1D93E9C80033D774 /* RestConfigSetter.m in Sources */,
				8141EB951D93B8790033D774 /* Vacancy.m in Sources */,
				8141EBA71D93C2F80033D774 /* Contact.m in Sources */,
				8141EB981D93BAF00033D774 /* Currency.m in Sources */,
				81C9C3F61D967CB000A95BE5 /* CDMCurrency.m in Sources */,
				81C9C3FA1D967CB000A95BE5 /* CDMContact.m in Sources */,
				8141EB7A1D93AF2F0033D774 /* AppDelegate.m in Sources */,
				8141EB771D93AF2F0033D774 /* main.m in Sources */,
				81C9C3F91D967CB000A95BE5 /* CDMContact+CoreDataProperties.m in Sources */,
				8141EB9B1D93BD6C0033D774 /* WorkingType.m in Sources */,
				81C9C3FE1D967CB000A95BE5 /* CDMExperienceLength.m in Sources */,
				81C9C3F31D967CB000A95BE5 /* CDMCompany+CoreDataProperties.m in Sources */,
				81C9C3F51D967CB000A95BE5 /* CDMCurrency+CoreDataProperties.m in Sources */,
				8141EB921D93B4B40033D774 /* Constants.m in Sources */,
				81C9C3F81D967CB000A95BE5 /* CDMWorkingType.m in Sources */,
				8141EBA41D93C14E0033D774 /* Company.m in Sources */,
				81C9C3F71D967CB000A95BE5 /* CDMWorkingType+CoreDataProperties.m in Sources */,
				8141EB9E1D93BE4F0033D774 /* ExperienceLength.m in Sources */,
				81C9C3FD1D967CB000A95BE5 /* CDMExperienceLength+CoreDataProperties.m in Sources */,
				81C9C3471D9580C100A95BE5 /* RestKitFacade.m in Sources */,
				81C9C3FB1D967CB000A95BE5 /* CDMVacancy+CoreDataProperties.m in Sources */,
				81C9C3411D952E4900A95BE5 /* VacancyAppModel.xcdatamodeld in Sources */,
			);
			runOnlyForDeploymentPostprocessing = 0;
		};
/* End PBXSourcesBuildPhase section */

/* Begin PBXVariantGroup section */
		8141EB7E1D93AF2F0033D774 /* Main.storyboard */ = {
			isa = PBXVariantGroup;
			children = (
				8141EB7F1D93AF2F0033D774 /* Base */,
			);
			name = Main.storyboard;
			sourceTree = "<group>";
		};
		8141EB831D93AF2F0033D774 /* LaunchScreen.storyboard */ = {
			isa = PBXVariantGroup;
			children = (
				8141EB841D93AF2F0033D774 /* Base */,
			);
			name = LaunchScreen.storyboard;
			sourceTree = "<group>";
		};
/* End PBXVariantGroup section */

/* Begin XCBuildConfiguration section */
		8141EB871D93AF2F0033D774 /* Debug */ = {
			isa = XCBuildConfiguration;
			buildSettings = {
				ALWAYS_SEARCH_USER_PATHS = NO;
				CLANG_ANALYZER_NONNULL = YES;
				CLANG_CXX_LANGUAGE_STANDARD = "gnu++0x";
				CLANG_CXX_LIBRARY = "libc++";
				CLANG_ENABLE_MODULES = YES;
				CLANG_ENABLE_OBJC_ARC = YES;
				CLANG_WARN_BOOL_CONVERSION = YES;
				CLANG_WARN_CONSTANT_CONVERSION = YES;
				CLANG_WARN_DIRECT_OBJC_ISA_USAGE = YES_ERROR;
				CLANG_WARN_EMPTY_BODY = YES;
				CLANG_WARN_ENUM_CONVERSION = YES;
				CLANG_WARN_INT_CONVERSION = YES;
				CLANG_WARN_OBJC_ROOT_CLASS = YES_ERROR;
				CLANG_WARN_UNREACHABLE_CODE = YES;
				CLANG_WARN__DUPLICATE_METHOD_MATCH = YES;
				"CODE_SIGN_IDENTITY[sdk=iphoneos*]" = "iPhone Developer";
				COPY_PHASE_STRIP = NO;
				DEBUG_INFORMATION_FORMAT = dwarf;
				ENABLE_STRICT_OBJC_MSGSEND = YES;
				ENABLE_TESTABILITY = YES;
				GCC_C_LANGUAGE_STANDARD = gnu99;
				GCC_DYNAMIC_NO_PIC = NO;
				GCC_NO_COMMON_BLOCKS = YES;
				GCC_OPTIMIZATION_LEVEL = 0;
				GCC_PREPROCESSOR_DEFINITIONS = (
					"DEBUG=1",
					"$(inherited)",
				);
				GCC_WARN_64_TO_32_BIT_CONVERSION = YES;
				GCC_WARN_ABOUT_RETURN_TYPE = YES_ERROR;
				GCC_WARN_UNDECLARED_SELECTOR = YES;
				GCC_WARN_UNINITIALIZED_AUTOS = YES_AGGRESSIVE;
				GCC_WARN_UNUSED_FUNCTION = YES;
				GCC_WARN_UNUSED_VARIABLE = YES;
				IPHONEOS_DEPLOYMENT_TARGET = 9.3;
				MTL_ENABLE_DEBUG_INFO = YES;
				ONLY_ACTIVE_ARCH = YES;
				SDKROOT = iphoneos;
				TARGETED_DEVICE_FAMILY = "1,2";
			};
			name = Debug;
		};
		8141EB881D93AF2F0033D774 /* Release */ = {
			isa = XCBuildConfiguration;
			buildSettings = {
				ALWAYS_SEARCH_USER_PATHS = NO;
				CLANG_ANALYZER_NONNULL = YES;
				CLANG_CXX_LANGUAGE_STANDARD = "gnu++0x";
				CLANG_CXX_LIBRARY = "libc++";
				CLANG_ENABLE_MODULES = YES;
				CLANG_ENABLE_OBJC_ARC = YES;
				CLANG_WARN_BOOL_CONVERSION = YES;
				CLANG_WARN_CONSTANT_CONVERSION = YES;
				CLANG_WARN_DIRECT_OBJC_ISA_USAGE = YES_ERROR;
				CLANG_WARN_EMPTY_BODY = YES;
				CLANG_WARN_ENUM_CONVERSION = YES;
				CLANG_WARN_INT_CONVERSION = YES;
				CLANG_WARN_OBJC_ROOT_CLASS = YES_ERROR;
				CLANG_WARN_UNREACHABLE_CODE = YES;
				CLANG_WARN__DUPLICATE_METHOD_MATCH = YES;
				"CODE_SIGN_IDENTITY[sdk=iphoneos*]" = "iPhone Developer";
				COPY_PHASE_STRIP = NO;
				DEBUG_INFORMATION_FORMAT = "dwarf-with-dsym";
				ENABLE_NS_ASSERTIONS = NO;
				ENABLE_STRICT_OBJC_MSGSEND = YES;
				GCC_C_LANGUAGE_STANDARD = gnu99;
				GCC_NO_COMMON_BLOCKS = YES;
				GCC_WARN_64_TO_32_BIT_CONVERSION = YES;
				GCC_WARN_ABOUT_RETURN_TYPE = YES_ERROR;
				GCC_WARN_UNDECLARED_SELECTOR = YES;
				GCC_WARN_UNINITIALIZED_AUTOS = YES_AGGRESSIVE;
				GCC_WARN_UNUSED_FUNCTION = YES;
				GCC_WARN_UNUSED_VARIABLE = YES;
				IPHONEOS_DEPLOYMENT_TARGET = 9.3;
				MTL_ENABLE_DEBUG_INFO = NO;
				SDKROOT = iphoneos;
				TARGETED_DEVICE_FAMILY = "1,2";
				VALIDATE_PRODUCT = YES;
			};
			name = Release;
		};
		8141EB8A1D93AF2F0033D774 /* Debug */ = {
			isa = XCBuildConfiguration;
			baseConfigurationReference = 7159FF1667B8A0AAC2192FB1 /* Pods-VacancyApp.debug.xcconfig */;
			buildSettings = {
				ASSETCATALOG_COMPILER_APPICON_NAME = AppIcon;
				HEADER_SEARCH_PATHS = (
					"$(inherited)",
					"\"${PODS_ROOT}/Headers/Public\"/**",
					"\"${PODS_ROOT}/Headers/Public/AFNetworking\"",
					"\"${PODS_ROOT}/Headers/Public/ISO8601DateFormatterValueTransformer\"",
					"\"${PODS_ROOT}/Headers/Public/RKValueTransformers\"",
					"\"${PODS_ROOT}/Headers/Public/RestKit\"",
					"\"${PODS_ROOT}/Headers/Public/SOCKit\"",
					"\"${PODS_ROOT}/Headers/Public/TransitionKit\"",
				);
				INFOPLIST_FILE = VacancyApp/Info.plist;
				LD_RUNPATH_SEARCH_PATHS = "$(inherited) @executable_path/Frameworks";
				PRODUCT_BUNDLE_IDENTIFIER = com.dmitriyarkhipov.VacancyApp;
				PRODUCT_NAME = "$(TARGET_NAME)";
			};
			name = Debug;
		};
		8141EB8B1D93AF2F0033D774 /* Release */ = {
			isa = XCBuildConfiguration;
			baseConfigurationReference = 748AF588FD26ADC41373969B /* Pods-VacancyApp.release.xcconfig */;
			buildSettings = {
				ASSETCATALOG_COMPILER_APPICON_NAME = AppIcon;
				HEADER_SEARCH_PATHS = (
					"$(inherited)",
					"\"${PODS_ROOT}/Headers/Public\"/**",
					"\"${PODS_ROOT}/Headers/Public/AFNetworking\"",
					"\"${PODS_ROOT}/Headers/Public/ISO8601DateFormatterValueTransformer\"",
					"\"${PODS_ROOT}/Headers/Public/RKValueTransformers\"",
					"\"${PODS_ROOT}/Headers/Public/RestKit\"",
					"\"${PODS_ROOT}/Headers/Public/SOCKit\"",
					"\"${PODS_ROOT}/Headers/Public/TransitionKit\"",
				);
				INFOPLIST_FILE = VacancyApp/Info.plist;
				LD_RUNPATH_SEARCH_PATHS = "$(inherited) @executable_path/Frameworks";
				PRODUCT_BUNDLE_IDENTIFIER = com.dmitriyarkhipov.VacancyApp;
				PRODUCT_NAME = "$(TARGET_NAME)";
			};
			name = Release;
		};
/* End XCBuildConfiguration section */

/* Begin XCConfigurationList section */
		8141EB6D1D93AF2F0033D774 /* Build configuration list for PBXProject "VacancyApp" */ = {
			isa = XCConfigurationList;
			buildConfigurations = (
				8141EB871D93AF2F0033D774 /* Debug */,
				8141EB881D93AF2F0033D774 /* Release */,
			);
			defaultConfigurationIsVisible = 0;
			defaultConfigurationName = Release;
		};
		8141EB891D93AF2F0033D774 /* Build configuration list for PBXNativeTarget "VacancyApp" */ = {
			isa = XCConfigurationList;
			buildConfigurations = (
				8141EB8A1D93AF2F0033D774 /* Debug */,
				8141EB8B1D93AF2F0033D774 /* Release */,
			);
			defaultConfigurationIsVisible = 0;
			defaultConfigurationName = Release;
		};
/* End XCConfigurationList section */

/* Begin XCVersionGroup section */
		81C9C33F1D952E4900A95BE5 /* VacancyAppModel.xcdatamodeld */ = {
			isa = XCVersionGroup;
			children = (
				81C9C3401D952E4900A95BE5 /* VacancyAppModel.xcdatamodel */,
			);
			currentVersion = 81C9C3401D952E4900A95BE5 /* VacancyAppModel.xcdatamodel */;
			path = VacancyAppModel.xcdatamodeld;
			sourceTree = "<group>";
			versionGroupType = wrapper.xcdatamodel;
		};
/* End XCVersionGroup section */
	};
	rootObject = 8141EB6A1D93AF2F0033D774 /* Project object */;
}
